
Microsoft Visual Studio Solution File, Format Version 12.00
# Visual Studio Version 16
VisualStudioVersion = 16.0.30503.244
MinimumVisualStudioVersion = 10.0.40219.1
Project("{FAE04EC0-301F-11D3-BF4B-00C04F79EFBC}") = "xCosmos.API", "xCosmos.API\xCosmos.API.csproj", "{2C17E1B1-A8DC-49D9-BA36-5750EAD4A925}"
EndProject
Global
	GlobalSection(SolutionConfigurationPlatforms) = preSolution
		Debug|Any CPU = Debug|Any CPU
		Release|Any CPU = Release|Any CPU
	EndGlobalSection
	GlobalSection(ProjectConfigurationPlatforms) = postSolution
		{2C17E1B1-A8DC-49D9-BA36-5750EAD4A925}.Debug|Any CPU.ActiveCfg = Debug|Any CPU
		{2C17E1B1-A8DC-49D9-BA36-5750EAD4A925}.Debug|Any CPU.Build.0 = Debug|Any CPU
		{2C17E1B1-A8DC-49D9-BA36-5750EAD4A925}.Release|Any CPU.ActiveCfg = Release|Any CPU
		{2C17E1B1-A8DC-49D9-BA36-5750EAD4A925}.Release|Any CPU.Build.0 = Release|Any CPU
	EndGlobalSection
	GlobalSection(SolutionProperties) = preSolution
		HideSolutionNode = FALSE
	EndGlobalSection
	GlobalSection(ExtensibilityGlobals) = postSolution
		SolutionGuid = {86DBD5F5-E24E-4344-AF4B-B6A3D280B5BC}
	EndGlobalSection
EndGlobal
